
Microsoft Visual Studio Solution File, Format Version 12.00
# Visual Studio 15
VisualStudioVersion = 15.0.26124.0
MinimumVisualStudioVersion = 15.0.26124.0
Project("{F2A71F9B-5D33-465A-A702-920D77279786}") = "nom-fs", "src\nom-fs.fsproj", "{B366966B-DD43-4FDE-A7C3-03743B5A6778}"
EndProject
Project("{F2A71F9B-5D33-465A-A702-920D77279786}") = "tests", "tests\tests.fsproj", "{8D268048-434A-42AA-AB03-FC9EBD0AFF3C}"
EndProject
Project("{2150E333-8FDC-42A3-9474-1A3956D46DE8}") = "examples", "examples", "{1239D3BF-016F-4BBA-884E-719003E25543}"
EndProject
Project("{F2A71F9B-5D33-465A-A702-920D77279786}") = "json", "examples\json\json.fsproj", "{BAE550EB-79F6-409E-B3A6-679486D3BB6D}"
EndProject
Project("{F2A71F9B-5D33-465A-A702-920D77279786}") = "benchmarks", "benchmarks\benchmarks.fsproj", "{FD917173-4E9A-4137-B8D7-F632B5DEC1DC}"
EndProject
Global
	GlobalSection(SolutionConfigurationPlatforms) = preSolution
		Debug|Any CPU = Debug|Any CPU
		Debug|x64 = Debug|x64
		Debug|x86 = Debug|x86
		Release|Any CPU = Release|Any CPU
		Release|x64 = Release|x64
		Release|x86 = Release|x86
	EndGlobalSection
	GlobalSection(SolutionProperties) = preSolution
		HideSolutionNode = FALSE
	EndGlobalSection
	GlobalSection(ProjectConfigurationPlatforms) = postSolution
		{B366966B-DD43-4FDE-A7C3-03743B5A6778}.Debug|Any CPU.ActiveCfg = Debug|Any CPU
		{B366966B-DD43-4FDE-A7C3-03743B5A6778}.Debug|Any CPU.Build.0 = Debug|Any CPU
		{B366966B-DD43-4FDE-A7C3-03743B5A6778}.Debug|x64.ActiveCfg = Debug|Any CPU
		{B366966B-DD43-4FDE-A7C3-03743B5A6778}.Debug|x64.Build.0 = Debug|Any CPU
		{B366966B-DD43-4FDE-A7C3-03743B5A6778}.Debug|x86.ActiveCfg = Debug|Any CPU
		{B366966B-DD43-4FDE-A7C3-03743B5A6778}.Debug|x86.Build.0 = Debug|Any CPU
		{B366966B-DD43-4FDE-A7C3-03743B5A6778}.Release|Any CPU.ActiveCfg = Release|Any CPU
		{B366966B-DD43-4FDE-A7C3-03743B5A6778}.Release|Any CPU.Build.0 = Release|Any CPU
		{B366966B-DD43-4FDE-A7C3-03743B5A6778}.Release|x64.ActiveCfg = Release|Any CPU
		{B366966B-DD43-4FDE-A7C3-03743B5A6778}.Release|x64.Build.0 = Release|Any CPU
		{B366966B-DD43-4FDE-A7C3-03743B5A6778}.Release|x86.ActiveCfg = Release|Any CPU
		{B366966B-DD43-4FDE-A7C3-03743B5A6778}.Release|x86.Build.0 = Release|Any CPU
		{8D268048-434A-42AA-AB03-FC9EBD0AFF3C}.Debug|Any CPU.ActiveCfg = Debug|Any CPU
		{8D268048-434A-42AA-AB03-FC9EBD0AFF3C}.Debug|Any CPU.Build.0 = Debug|Any CPU
		{8D268048-434A-42AA-AB03-FC9EBD0AFF3C}.Debug|x64.ActiveCfg = Debug|Any CPU
		{8D268048-434A-42AA-AB03-FC9EBD0AFF3C}.Debug|x64.Build.0 = Debug|Any CPU
		{8D268048-434A-42AA-AB03-FC9EBD0AFF3C}.Debug|x86.ActiveCfg = Debug|Any CPU
		{8D268048-434A-42AA-AB03-FC9EBD0AFF3C}.Debug|x86.Build.0 = Debug|Any CPU
		{8D268048-434A-42AA-AB03-FC9EBD0AFF3C}.Release|Any CPU.ActiveCfg = Release|Any CPU
		{8D268048-434A-42AA-AB03-FC9EBD0AFF3C}.Release|Any CPU.Build.0 = Release|Any CPU
		{8D268048-434A-42AA-AB03-FC9EBD0AFF3C}.Release|x64.ActiveCfg = Release|Any CPU
		{8D268048-434A-42AA-AB03-FC9EBD0AFF3C}.Release|x64.Build.0 = Release|Any CPU
		{8D268048-434A-42AA-AB03-FC9EBD0AFF3C}.Release|x86.ActiveCfg = Release|Any CPU
		{8D268048-434A-42AA-AB03-FC9EBD0AFF3C}.Release|x86.Build.0 = Release|Any CPU
		{BAE550EB-79F6-409E-B3A6-679486D3BB6D}.Debug|Any CPU.ActiveCfg = Debug|Any CPU
		{BAE550EB-79F6-409E-B3A6-679486D3BB6D}.Debug|Any CPU.Build.0 = Debug|Any CPU
		{BAE550EB-79F6-409E-B3A6-679486D3BB6D}.Debug|x64.ActiveCfg = Debug|Any CPU
		{BAE550EB-79F6-409E-B3A6-679486D3BB6D}.Debug|x64.Build.0 = Debug|Any CPU
		{BAE550EB-79F6-409E-B3A6-679486D3BB6D}.Debug|x86.ActiveCfg = Debug|Any CPU
		{BAE550EB-79F6-409E-B3A6-679486D3BB6D}.Debug|x86.Build.0 = Debug|Any CPU
		{BAE550EB-79F6-409E-B3A6-679486D3BB6D}.Release|Any CPU.ActiveCfg = Release|Any CPU
		{BAE550EB-79F6-409E-B3A6-679486D3BB6D}.Release|Any CPU.Build.0 = Release|Any CPU
		{BAE550EB-79F6-409E-B3A6-679486D3BB6D}.Release|x64.ActiveCfg = Release|Any CPU
		{BAE550EB-79F6-409E-B3A6-679486D3BB6D}.Release|x64.Build.0 = Release|Any CPU
		{BAE550EB-79F6-409E-B3A6-679486D3BB6D}.Release|x86.ActiveCfg = Release|Any CPU
		{BAE550EB-79F6-409E-B3A6-679486D3BB6D}.Release|x86.Build.0 = Release|Any CPU
		{FD917173-4E9A-4137-B8D7-F632B5DEC1DC}.Debug|Any CPU.ActiveCfg = Debug|Any CPU
		{FD917173-4E9A-4137-B8D7-F632B5DEC1DC}.Debug|Any CPU.Build.0 = Debug|Any CPU
		{FD917173-4E9A-4137-B8D7-F632B5DEC1DC}.Debug|x64.ActiveCfg = Debug|Any CPU
		{FD917173-4E9A-4137-B8D7-F632B5DEC1DC}.Debug|x64.Build.0 = Debug|Any CPU
		{FD917173-4E9A-4137-B8D7-F632B5DEC1DC}.Debug|x86.ActiveCfg = Debug|Any CPU
		{FD917173-4E9A-4137-B8D7-F632B5DEC1DC}.Debug|x86.Build.0 = Debug|Any CPU
		{FD917173-4E9A-4137-B8D7-F632B5DEC1DC}.Release|Any CPU.ActiveCfg = Release|Any CPU
		{FD917173-4E9A-4137-B8D7-F632B5DEC1DC}.Release|Any CPU.Build.0 = Release|Any CPU
		{FD917173-4E9A-4137-B8D7-F632B5DEC1DC}.Release|x64.ActiveCfg = Release|Any CPU
		{FD917173-4E9A-4137-B8D7-F632B5DEC1DC}.Release|x64.Build.0 = Release|Any CPU
		{FD917173-4E9A-4137-B8D7-F632B5DEC1DC}.Release|x86.ActiveCfg = Release|Any CPU
		{FD917173-4E9A-4137-B8D7-F632B5DEC1DC}.Release|x86.Build.0 = Release|Any CPU
	EndGlobalSection
	GlobalSection(NestedProjects) = preSolution
		{BAE550EB-79F6-409E-B3A6-679486D3BB6D} = {1239D3BF-016F-4BBA-884E-719003E25543}
	EndGlobalSection
EndGlobal
