
Microsoft Visual Studio Solution File, Format Version 12.00
# Visual Studio 15
VisualStudioVersion = 15.0.26124.0
MinimumVisualStudioVersion = 15.0.26124.0
Project("{F2A71F9B-5D33-465A-A702-920D77279786}") = "nom-fs", "src\nom-fs.fsproj", "{0450F729-F085-4821-812C-7046EE998F79}"
EndProject
Project("{F2A71F9B-5D33-465A-A702-920D77279786}") = "tests", "tests\tests.fsproj", "{F26FFFFA-7C84-4684-AB6E-78F8A7AB1F5E}"
EndProject
Project("{F2A71F9B-5D33-465A-A702-920D77279786}") = "benchmarks", "benchmarks\benchmarks.fsproj", "{765AD321-4C51-48D0-80BB-D1B3DB4EAC60}"
EndProject
Project("{2150E333-8FDC-42A3-9474-1A3956D46DE8}") = "examples", "examples", "{9A81F335-532A-48A7-9943-BE45806B801F}"
EndProject
Project("{F2A71F9B-5D33-465A-A702-920D77279786}") = "json", "examples\json\json.fsproj", "{5974FB71-640D-4333-8E54-D1F5DCBE4131}"
EndProject
Project("{F2A71F9B-5D33-465A-A702-920D77279786}") = "JsonParser", "benchmarks\fparsec.JsonParser\JsonParser.fsproj", "{905BB9D4-C7AB-4E17-A6EA-A165A41ECEA5}"
EndProject
Global
	GlobalSection(SolutionConfigurationPlatforms) = preSolution
		Debug|Any CPU = Debug|Any CPU
		Debug|x64 = Debug|x64
		Debug|x86 = Debug|x86
		Release|Any CPU = Release|Any CPU
		Release|x64 = Release|x64
		Release|x86 = Release|x86
	EndGlobalSection
	GlobalSection(SolutionProperties) = preSolution
		HideSolutionNode = FALSE
	EndGlobalSection
	GlobalSection(ProjectConfigurationPlatforms) = postSolution
		{0450F729-F085-4821-812C-7046EE998F79}.Debug|Any CPU.ActiveCfg = Debug|Any CPU
		{0450F729-F085-4821-812C-7046EE998F79}.Debug|Any CPU.Build.0 = Debug|Any CPU
		{0450F729-F085-4821-812C-7046EE998F79}.Debug|x64.ActiveCfg = Debug|Any CPU
		{0450F729-F085-4821-812C-7046EE998F79}.Debug|x64.Build.0 = Debug|Any CPU
		{0450F729-F085-4821-812C-7046EE998F79}.Debug|x86.ActiveCfg = Debug|Any CPU
		{0450F729-F085-4821-812C-7046EE998F79}.Debug|x86.Build.0 = Debug|Any CPU
		{0450F729-F085-4821-812C-7046EE998F79}.Release|Any CPU.ActiveCfg = Release|Any CPU
		{0450F729-F085-4821-812C-7046EE998F79}.Release|Any CPU.Build.0 = Release|Any CPU
		{0450F729-F085-4821-812C-7046EE998F79}.Release|x64.ActiveCfg = Release|Any CPU
		{0450F729-F085-4821-812C-7046EE998F79}.Release|x64.Build.0 = Release|Any CPU
		{0450F729-F085-4821-812C-7046EE998F79}.Release|x86.ActiveCfg = Release|Any CPU
		{0450F729-F085-4821-812C-7046EE998F79}.Release|x86.Build.0 = Release|Any CPU
		{F26FFFFA-7C84-4684-AB6E-78F8A7AB1F5E}.Debug|Any CPU.ActiveCfg = Debug|Any CPU
		{F26FFFFA-7C84-4684-AB6E-78F8A7AB1F5E}.Debug|Any CPU.Build.0 = Debug|Any CPU
		{F26FFFFA-7C84-4684-AB6E-78F8A7AB1F5E}.Debug|x64.ActiveCfg = Debug|Any CPU
		{F26FFFFA-7C84-4684-AB6E-78F8A7AB1F5E}.Debug|x64.Build.0 = Debug|Any CPU
		{F26FFFFA-7C84-4684-AB6E-78F8A7AB1F5E}.Debug|x86.ActiveCfg = Debug|Any CPU
		{F26FFFFA-7C84-4684-AB6E-78F8A7AB1F5E}.Debug|x86.Build.0 = Debug|Any CPU
		{F26FFFFA-7C84-4684-AB6E-78F8A7AB1F5E}.Release|Any CPU.ActiveCfg = Release|Any CPU
		{F26FFFFA-7C84-4684-AB6E-78F8A7AB1F5E}.Release|Any CPU.Build.0 = Release|Any CPU
		{F26FFFFA-7C84-4684-AB6E-78F8A7AB1F5E}.Release|x64.ActiveCfg = Release|Any CPU
		{F26FFFFA-7C84-4684-AB6E-78F8A7AB1F5E}.Release|x64.Build.0 = Release|Any CPU
		{F26FFFFA-7C84-4684-AB6E-78F8A7AB1F5E}.Release|x86.ActiveCfg = Release|Any CPU
		{F26FFFFA-7C84-4684-AB6E-78F8A7AB1F5E}.Release|x86.Build.0 = Release|Any CPU
		{765AD321-4C51-48D0-80BB-D1B3DB4EAC60}.Debug|Any CPU.ActiveCfg = Debug|Any CPU
		{765AD321-4C51-48D0-80BB-D1B3DB4EAC60}.Debug|Any CPU.Build.0 = Debug|Any CPU
		{765AD321-4C51-48D0-80BB-D1B3DB4EAC60}.Debug|x64.ActiveCfg = Debug|Any CPU
		{765AD321-4C51-48D0-80BB-D1B3DB4EAC60}.Debug|x64.Build.0 = Debug|Any CPU
		{765AD321-4C51-48D0-80BB-D1B3DB4EAC60}.Debug|x86.ActiveCfg = Debug|Any CPU
		{765AD321-4C51-48D0-80BB-D1B3DB4EAC60}.Debug|x86.Build.0 = Debug|Any CPU
		{765AD321-4C51-48D0-80BB-D1B3DB4EAC60}.Release|Any CPU.ActiveCfg = Release|Any CPU
		{765AD321-4C51-48D0-80BB-D1B3DB4EAC60}.Release|Any CPU.Build.0 = Release|Any CPU
		{765AD321-4C51-48D0-80BB-D1B3DB4EAC60}.Release|x64.ActiveCfg = Release|Any CPU
		{765AD321-4C51-48D0-80BB-D1B3DB4EAC60}.Release|x64.Build.0 = Release|Any CPU
		{765AD321-4C51-48D0-80BB-D1B3DB4EAC60}.Release|x86.ActiveCfg = Release|Any CPU
		{765AD321-4C51-48D0-80BB-D1B3DB4EAC60}.Release|x86.Build.0 = Release|Any CPU
		{5974FB71-640D-4333-8E54-D1F5DCBE4131}.Debug|Any CPU.ActiveCfg = Debug|Any CPU
		{5974FB71-640D-4333-8E54-D1F5DCBE4131}.Debug|Any CPU.Build.0 = Debug|Any CPU
		{5974FB71-640D-4333-8E54-D1F5DCBE4131}.Debug|x64.ActiveCfg = Debug|Any CPU
		{5974FB71-640D-4333-8E54-D1F5DCBE4131}.Debug|x64.Build.0 = Debug|Any CPU
		{5974FB71-640D-4333-8E54-D1F5DCBE4131}.Debug|x86.ActiveCfg = Debug|Any CPU
		{5974FB71-640D-4333-8E54-D1F5DCBE4131}.Debug|x86.Build.0 = Debug|Any CPU
		{5974FB71-640D-4333-8E54-D1F5DCBE4131}.Release|Any CPU.ActiveCfg = Release|Any CPU
		{5974FB71-640D-4333-8E54-D1F5DCBE4131}.Release|Any CPU.Build.0 = Release|Any CPU
		{5974FB71-640D-4333-8E54-D1F5DCBE4131}.Release|x64.ActiveCfg = Release|Any CPU
		{5974FB71-640D-4333-8E54-D1F5DCBE4131}.Release|x64.Build.0 = Release|Any CPU
		{5974FB71-640D-4333-8E54-D1F5DCBE4131}.Release|x86.ActiveCfg = Release|Any CPU
		{5974FB71-640D-4333-8E54-D1F5DCBE4131}.Release|x86.Build.0 = Release|Any CPU
		{905BB9D4-C7AB-4E17-A6EA-A165A41ECEA5}.Debug|Any CPU.ActiveCfg = Debug|Any CPU
		{905BB9D4-C7AB-4E17-A6EA-A165A41ECEA5}.Debug|Any CPU.Build.0 = Debug|Any CPU
		{905BB9D4-C7AB-4E17-A6EA-A165A41ECEA5}.Debug|x64.ActiveCfg = Debug|Any CPU
		{905BB9D4-C7AB-4E17-A6EA-A165A41ECEA5}.Debug|x64.Build.0 = Debug|Any CPU
		{905BB9D4-C7AB-4E17-A6EA-A165A41ECEA5}.Debug|x86.ActiveCfg = Debug|Any CPU
		{905BB9D4-C7AB-4E17-A6EA-A165A41ECEA5}.Debug|x86.Build.0 = Debug|Any CPU
		{905BB9D4-C7AB-4E17-A6EA-A165A41ECEA5}.Release|Any CPU.ActiveCfg = Release|Any CPU
		{905BB9D4-C7AB-4E17-A6EA-A165A41ECEA5}.Release|Any CPU.Build.0 = Release|Any CPU
		{905BB9D4-C7AB-4E17-A6EA-A165A41ECEA5}.Release|x64.ActiveCfg = Release|Any CPU
		{905BB9D4-C7AB-4E17-A6EA-A165A41ECEA5}.Release|x64.Build.0 = Release|Any CPU
		{905BB9D4-C7AB-4E17-A6EA-A165A41ECEA5}.Release|x86.ActiveCfg = Release|Any CPU
		{905BB9D4-C7AB-4E17-A6EA-A165A41ECEA5}.Release|x86.Build.0 = Release|Any CPU
	EndGlobalSection
	GlobalSection(NestedProjects) = preSolution
		{5974FB71-640D-4333-8E54-D1F5DCBE4131} = {9A81F335-532A-48A7-9943-BE45806B801F}
	EndGlobalSection
EndGlobal
